
Microsoft Visual Studio Solution File, Format Version 12.00
# Visual Studio 15
VisualStudioVersion = 15.0.27130.2010
MinimumVisualStudioVersion = 10.0.40219.1
Project("{FAE04EC0-301F-11D3-BF4B-00C04F79EFBC}") = "MoreDakka", "MoreDakka\MoreDakka.csproj", "{C5482305-21FB-4485-96F9-5991AD0B1AEC}"
EndProject
Project("{E53339B2-1760-4266-BCC7-CA923CBCF16C}") = "docker-compose", "docker-compose.dcproj", "{89250199-176B-453F-B39B-F83A6AF99BF1}"
EndProject
Global
	GlobalSection(SolutionConfigurationPlatforms) = preSolution
		Debug|Any CPU = Debug|Any CPU
		Release|Any CPU = Release|Any CPU
	EndGlobalSection
	GlobalSection(ProjectConfigurationPlatforms) = postSolution
		{C5482305-21FB-4485-96F9-5991AD0B1AEC}.Debug|Any CPU.ActiveCfg = Debug|Any CPU
		{C5482305-21FB-4485-96F9-5991AD0B1AEC}.Debug|Any CPU.Build.0 = Debug|Any CPU
		{C5482305-21FB-4485-96F9-5991AD0B1AEC}.Release|Any CPU.ActiveCfg = Release|Any CPU
		{C5482305-21FB-4485-96F9-5991AD0B1AEC}.Release|Any CPU.Build.0 = Release|Any CPU
		{89250199-176B-453F-B39B-F83A6AF99BF1}.Debug|Any CPU.ActiveCfg = Debug|Any CPU
		{89250199-176B-453F-B39B-F83A6AF99BF1}.Debug|Any CPU.Build.0 = Debug|Any CPU
		{89250199-176B-453F-B39B-F83A6AF99BF1}.Release|Any CPU.ActiveCfg = Release|Any CPU
		{89250199-176B-453F-B39B-F83A6AF99BF1}.Release|Any CPU.Build.0 = Release|Any CPU
	EndGlobalSection
	GlobalSection(SolutionProperties) = preSolution
		HideSolutionNode = FALSE
	EndGlobalSection
	GlobalSection(ExtensibilityGlobals) = postSolution
		SolutionGuid = {A49B0891-924C-45BA-B9B3-9D08C00764D4}
	EndGlobalSection
EndGlobal
